# This file is autogenerated, do not edit; changes may be undone by the next 'dep ensure'.


[[projects]]
  branch = "master"
  name = "github.com/wirepair/gcd"
  packages = [".","gcdapi","gcdmessage"]
  revision = "10d82907b7eda8dbecd7f784508c3083f261e848"

[[projects]]
  branch = "master"
  name = "golang.org/x/net"
  packages = ["websocket"]
  revision = "a04bdaca5b32abe1c069418fb7088ae607de5bd0"

[solve-meta]
  analyzer-name = "dep"
  analyzer-version = 1
  inputs-digest = "6394eac1f382b7bc84ecf70dda0a8809c4778f91531f57162f1c0cf718d46c22"
  solver-name = "gps-cdcl"
  solver-version = 1
